
Microsoft Visual Studio Solution File, Format Version 12.00
# Visual Studio Version 17
VisualStudioVersion = 17.7.34221.43
MinimumVisualStudioVersion = 10.0.40219.1
Project("{9A19103F-16F7-4668-BE54-9A1E7A4F7556}") = "ApiWeb3C.Server", "ApiWeb3C\Server\ApiWeb3C.Server.csproj", "{62E0E77E-BF2B-4044-A6F3-EAAC5A15164C}"
EndProject
Project("{9A19103F-16F7-4668-BE54-9A1E7A4F7556}") = "ApiWeb3C.Client", "ApiWeb3C\Client\ApiWeb3C.Client.csproj", "{D8AAD5B3-1AB6-4B0F-A9BA-B4FF473327BF}"
EndProject
Project("{9A19103F-16F7-4668-BE54-9A1E7A4F7556}") = "ApiWeb3C.Shared", "ApiWeb3C\Shared\ApiWeb3C.Shared.csproj", "{71400E57-BDCB-48A2-8C8E-3271ABFAC1CD}"
EndProject
Global
	GlobalSection(SolutionConfigurationPlatforms) = preSolution
		Debug|Any CPU = Debug|Any CPU
		Release|Any CPU = Release|Any CPU
	EndGlobalSection
	GlobalSection(ProjectConfigurationPlatforms) = postSolution
		{62E0E77E-BF2B-4044-A6F3-EAAC5A15164C}.Debug|Any CPU.ActiveCfg = Debug|Any CPU
		{62E0E77E-BF2B-4044-A6F3-EAAC5A15164C}.Debug|Any CPU.Build.0 = Debug|Any CPU
		{62E0E77E-BF2B-4044-A6F3-EAAC5A15164C}.Release|Any CPU.ActiveCfg = Release|Any CPU
		{62E0E77E-BF2B-4044-A6F3-EAAC5A15164C}.Release|Any CPU.Build.0 = Release|Any CPU
		{D8AAD5B3-1AB6-4B0F-A9BA-B4FF473327BF}.Debug|Any CPU.ActiveCfg = Debug|Any CPU
		{D8AAD5B3-1AB6-4B0F-A9BA-B4FF473327BF}.Debug|Any CPU.Build.0 = Debug|Any CPU
		{D8AAD5B3-1AB6-4B0F-A9BA-B4FF473327BF}.Release|Any CPU.ActiveCfg = Release|Any CPU
		{D8AAD5B3-1AB6-4B0F-A9BA-B4FF473327BF}.Release|Any CPU.Build.0 = Release|Any CPU
		{71400E57-BDCB-48A2-8C8E-3271ABFAC1CD}.Debug|Any CPU.ActiveCfg = Debug|Any CPU
		{71400E57-BDCB-48A2-8C8E-3271ABFAC1CD}.Debug|Any CPU.Build.0 = Debug|Any CPU
		{71400E57-BDCB-48A2-8C8E-3271ABFAC1CD}.Release|Any CPU.ActiveCfg = Release|Any CPU
		{71400E57-BDCB-48A2-8C8E-3271ABFAC1CD}.Release|Any CPU.Build.0 = Release|Any CPU
	EndGlobalSection
	GlobalSection(SolutionProperties) = preSolution
		HideSolutionNode = FALSE
	EndGlobalSection
	GlobalSection(ExtensibilityGlobals) = postSolution
		SolutionGuid = {875FB93F-C889-439A-BC6F-432D13EF6760}
	EndGlobalSection
EndGlobal
